// !$*UTF8*$!
{
	archiveVersion = 1;
	classes = {
	};
	objectVersion = 50;
	objects = {

/* Begin PBXBuildFile section */
		2310A3142587486F00201F0C /* SaveDoc.m in Sources */ = {isa = PBXBuildFile; fileRef = 2310A3132587486F00201F0C /* SaveDoc.m */; };
		2310A31625879C8100201F0C /* DataCompress.m in Sources */ = {isa = PBXBuildFile; fileRef = 235B7E7A2509F6800016090F /* DataCompress.m */; };
		231E00102461497000BFBE9E /* MyView.m in Sources */ = {isa = PBXBuildFile; fileRef = 231E000F2461497000BFBE9E /* MyView.m */; };
		231E25C7247401060005A381 /* loupePlus.pdf in Resources */ = {isa = PBXBuildFile; fileRef = 231E25C5247401060005A381 /* loupePlus.pdf */; };
		231E25C8247401060005A381 /* loupeMinus.pdf in Resources */ = {isa = PBXBuildFile; fileRef = 231E25C6247401060005A381 /* loupeMinus.pdf */; };
		232055F12457D2C6005ADCCF /* AppDelegate.m in Sources */ = {isa = PBXBuildFile; fileRef = 232055F02457D2C6005ADCCF /* AppDelegate.m */; };
		232055F42457D2C6005ADCCF /* Document.m in Sources */ = {isa = PBXBuildFile; fileRef = 232055F32457D2C6005ADCCF /* Document.m */; };
		232055F92457D2C7005ADCCF /* Assets.xcassets in Resources */ = {isa = PBXBuildFile; fileRef = 232055F82457D2C7005ADCCF /* Assets.xcassets */; };
		232055FC2457D2C7005ADCCF /* MainMenu.xib in Resources */ = {isa = PBXBuildFile; fileRef = 232055FA2457D2C7005ADCCF /* MainMenu.xib */; };
		232055FF2457D2C7005ADCCF /* main.m in Sources */ = {isa = PBXBuildFile; fileRef = 232055FE2457D2C7005ADCCF /* main.m */; };
		232683BD25D0FB390023E10C /* SaveDoc.m in Sources */ = {isa = PBXBuildFile; fileRef = 2310A3132587486F00201F0C /* SaveDoc.m */; };
		232790BA24587B670017AEC2 /* Agent.m in Sources */ = {isa = PBXBuildFile; fileRef = 232790B924587B670017AEC2 /* Agent.m */; };
		233420D22468156200C93F8E /* DataPanel.m in Sources */ = {isa = PBXBuildFile; fileRef = 233420D02468156200C93F8E /* DataPanel.m */; };
		2337CD7A256D0AFE0020DB19 /* Statistics.m in Sources */ = {isa = PBXBuildFile; fileRef = 2337CD79256D0AFE0020DB19 /* Statistics.m */; };
		233D9DE724869F7300498A77 /* Scenario.xib in Resources */ = {isa = PBXBuildFile; fileRef = 233D9DE924869F7300498A77 /* Scenario.xib */; };
		233D9DEA24869F7D00498A77 /* DataPanel.xib in Resources */ = {isa = PBXBuildFile; fileRef = 233D9DEC24869F7D00498A77 /* DataPanel.xib */; };
		233D9DED24869F8400498A77 /* StatPanel.xib in Resources */ = {isa = PBXBuildFile; fileRef = 233D9DEF24869F8400498A77 /* StatPanel.xib */; };
		233D9DF024869F8C00498A77 /* ParamPanel.xib in Resources */ = {isa = PBXBuildFile; fileRef = 233D9DF224869F8C00498A77 /* ParamPanel.xib */; };
		233D9DF324869F9B00498A77 /* Localizable.strings in Resources */ = {isa = PBXBuildFile; fileRef = 233D9DF524869F9B00498A77 /* Localizable.strings */; };
		233D9DF624869FA200498A77 /* Credits.rtf in Resources */ = {isa = PBXBuildFile; fileRef = 233D9DF824869FA200498A77 /* Credits.rtf */; };
		233D9E0B2486B14A00498A77 /* InfoPlist.strings in Resources */ = {isa = PBXBuildFile; fileRef = 233D9E0D2486B14A00498A77 /* InfoPlist.strings */; };
		235639CD247111A200F941A6 /* Scenario.m in Sources */ = {isa = PBXBuildFile; fileRef = 235639CB247111A200F941A6 /* Scenario.m */; };
		23576D3F24D80FCC00120D3F /* SimEpidemic.sdef in Resources */ = {isa = PBXBuildFile; fileRef = 23576D3E24D80FCC00120D3F /* SimEpidemic.sdef */; };
		2359E8E9253B092B004041D9 /* BlockingInfo.m in Sources */ = {isa = PBXBuildFile; fileRef = 2359E8E8253B092B004041D9 /* BlockingInfo.m */; };
		235B7E782509D7AE0016090F /* ProcContext.m in Sources */ = {isa = PBXBuildFile; fileRef = 235B7E772509D7AE0016090F /* ProcContext.m */; };
		235B7E7B2509F6800016090F /* DataCompress.m in Sources */ = {isa = PBXBuildFile; fileRef = 235B7E7A2509F6800016090F /* DataCompress.m */; };
		235D657B2462564600487784 /* ParamPanel.m in Sources */ = {isa = PBXBuildFile; fileRef = 235D65792462564600487784 /* ParamPanel.m */; };
		2364494B25A1741600C67E18 /* Document.xib in Resources */ = {isa = PBXBuildFile; fileRef = 2364494925A1741600C67E18 /* Document.xib */; };
		2365DEC525061537006C2A95 /* noGUI.m in Sources */ = {isa = PBXBuildFile; fileRef = 2365DEC325061537006C2A95 /* noGUI.m */; };
		2365DEC72506159A006C2A95 /* AppDelegate.m in Sources */ = {isa = PBXBuildFile; fileRef = 232055F02457D2C6005ADCCF /* AppDelegate.m */; };
		2365DEC82506159A006C2A95 /* Document.m in Sources */ = {isa = PBXBuildFile; fileRef = 232055F32457D2C6005ADCCF /* Document.m */; };
		2365DEC92506159A006C2A95 /* Agent.m in Sources */ = {isa = PBXBuildFile; fileRef = 232790B924587B670017AEC2 /* Agent.m */; };
		2365DECA2506159A006C2A95 /* StatPanel.m in Sources */ = {isa = PBXBuildFile; fileRef = 238A8F28246694D300604BF4 /* StatPanel.m */; };
		23673364252EFA8E00284D91 /* PeriodicReporter.m in Sources */ = {isa = PBXBuildFile; fileRef = 23673363252EFA8E00284D91 /* PeriodicReporter.m */; };
		2387B42524FCD2190039796A /* Preferences.m in Sources */ = {isa = PBXBuildFile; fileRef = 2387B42424FCD2190039796A /* Preferences.m */; };
		238A8F2A246694D300604BF4 /* StatPanel.m in Sources */ = {isa = PBXBuildFile; fileRef = 238A8F28246694D300604BF4 /* StatPanel.m */; };
		238C4527248B783B00FB5F89 /* Preferences.xib in Resources */ = {isa = PBXBuildFile; fileRef = 238C4525248B783B00FB5F89 /* Preferences.xib */; };
		23A53E9625D178360072552E /* SaveState.m in Sources */ = {isa = PBXBuildFile; fileRef = 23A53E9525D178360072552E /* SaveState.m */; };
		23A9176C260B1EFF00755061 /* DropImageHere.pdf in Resources */ = {isa = PBXBuildFile; fileRef = 23A9176A260B1EFF00755061 /* DropImageHere.pdf */; };
		23AF0269250F98840074EF87 /* BatchJob.m in Sources */ = {isa = PBXBuildFile; fileRef = 23AF0268250F98840074EF87 /* BatchJob.m */; };
		23B89E4F255BD61000A95360 /* main.m in Sources */ = {isa = PBXBuildFile; fileRef = 23B89E4E255BD61000A95360 /* main.m */; };
		23B89E53255BD66500A95360 /* Document.m in Sources */ = {isa = PBXBuildFile; fileRef = 232055F32457D2C6005ADCCF /* Document.m */; };
		23B89E54255BD6DB00A95360 /* AppDelegate.m in Sources */ = {isa = PBXBuildFile; fileRef = 232055F02457D2C6005ADCCF /* AppDelegate.m */; };
		23B89E55255BD6DB00A95360 /* StatPanel.m in Sources */ = {isa = PBXBuildFile; fileRef = 238A8F28246694D300604BF4 /* StatPanel.m */; };
		23B89E56255BD6DB00A95360 /* Gatherings.m in Sources */ = {isa = PBXBuildFile; fileRef = 23DAF067251737FB00C41E76 /* Gatherings.m */; };
		23B89E57255BD70A00A95360 /* Agent.m in Sources */ = {isa = PBXBuildFile; fileRef = 232790B924587B670017AEC2 /* Agent.m */; };
		23C3FFE32557FB3F004906AE /* main.m in Sources */ = {isa = PBXBuildFile; fileRef = 23C3FFE22557FB3F004906AE /* main.m */; };
		23D6E02D24D59DDD00A5D604 /* Parameters.m in Sources */ = {isa = PBXBuildFile; fileRef = 23D6E02C24D59DDD00A5D604 /* Parameters.m */; };
		23D6EAE2260C4C6900D48F7E /* PopDist.xib in Resources */ = {isa = PBXBuildFile; fileRef = 23D6EAE0260C4C6900D48F7E /* PopDist.xib */; };
		23D6EAE7260C562D00D48F7E /* PopDist.m in Sources */ = {isa = PBXBuildFile; fileRef = 23D6EAE6260C562D00D48F7E /* PopDist.m */; };
		23DAF068251737FB00C41E76 /* Gatherings.m in Sources */ = {isa = PBXBuildFile; fileRef = 23DAF067251737FB00C41E76 /* Gatherings.m */; };
		23DAF069251737FB00C41E76 /* Gatherings.m in Sources */ = {isa = PBXBuildFile; fileRef = 23DAF067251737FB00C41E76 /* Gatherings.m */; };
		23F2613C255ABFC1009131AA /* WorldB.m in Sources */ = {isa = PBXBuildFile; fileRef = 23F2613B255ABFC1009131AA /* WorldB.m */; };
/* End PBXBuildFile section */

/* Begin PBXCopyFilesBuildPhase section */
		2365DEB42506145A006C2A95 /* CopyFiles */ = {
			isa = PBXCopyFilesBuildPhase;
			buildActionMask = 8;
			dstPath = "";
			dstSubfolderSpec = 0;
			files = (
			);
			runOnlyForDeploymentPostprocessing = 1;
		};
		23B89E4A255BD61000A95360 /* CopyFiles */ = {
			isa = PBXCopyFilesBuildPhase;
			buildActionMask = 2147483647;
			dstPath = /usr/share/man/man1/;
			dstSubfolderSpec = 0;
			files = (
			);
			runOnlyForDeploymentPostprocessing = 1;
		};
		23C3FFDE2557FB3F004906AE /* CopyFiles */ = {
			isa = PBXCopyFilesBuildPhase;
			buildActionMask = 2147483647;
			dstPath = /usr/share/man/man1/;
			dstSubfolderSpec = 0;
			files = (
			);
			runOnlyForDeploymentPostprocessing = 1;
		};
/* End PBXCopyFilesBuildPhase section */

/* Begin PBXFileReference section */
		2310A3122587486F00201F0C /* SaveDoc.h */ = {isa = PBXFileReference; lastKnownFileType = sourcecode.c.h; path = SaveDoc.h; sourceTree = "<group>"; };
		2310A3132587486F00201F0C /* SaveDoc.m */ = {isa = PBXFileReference; lastKnownFileType = sourcecode.c.objc; path = SaveDoc.m; sourceTree = "<group>"; };
		23135F4725B31CEE00BE0292 /* README.md */ = {isa = PBXFileReference; lastKnownFileType = net.daringfireball.markdown; path = README.md; sourceTree = "<group>"; };
		231E000D246125AD00BFBE9E /* CommonTypes.h */ = {isa = PBXFileReference; lastKnownFileType = sourcecode.c.h; path = CommonTypes.h; sourceTree = "<group>"; };
		231E000E2461497000BFBE9E /* MyView.h */ = {isa = PBXFileReference; lastKnownFileType = sourcecode.c.h; path = MyView.h; sourceTree = "<group>"; };
		231E000F2461497000BFBE9E /* MyView.m */ = {isa = PBXFileReference; lastKnownFileType = sourcecode.c.objc; path = MyView.m; sourceTree = "<group>"; };
		231E25C5247401060005A381 /* loupePlus.pdf */ = {isa = PBXFileReference; lastKnownFileType = image.pdf; name = loupePlus.pdf; path = Images/loupePlus.pdf; sourceTree = "<group>"; };
		231E25C6247401060005A381 /* loupeMinus.pdf */ = {isa = PBXFileReference; lastKnownFileType = image.pdf; name = loupeMinus.pdf; path = Images/loupeMinus.pdf; sourceTree = "<group>"; };
		232055EC2457D2C5005ADCCF /* SimEpidemic.app */ = {isa = PBXFileReference; explicitFileType = wrapper.application; includeInIndex = 0; path = SimEpidemic.app; sourceTree = BUILT_PRODUCTS_DIR; };
		232055EF2457D2C6005ADCCF /* AppDelegate.h */ = {isa = PBXFileReference; lastKnownFileType = sourcecode.c.h; path = AppDelegate.h; sourceTree = "<group>"; };
		232055F02457D2C6005ADCCF /* AppDelegate.m */ = {isa = PBXFileReference; lastKnownFileType = sourcecode.c.objc; path = AppDelegate.m; sourceTree = "<group>"; };
		232055F22457D2C6005ADCCF /* Document.h */ = {isa = PBXFileReference; lastKnownFileType = sourcecode.c.h; path = Document.h; sourceTree = "<group>"; };
		232055F32457D2C6005ADCCF /* Document.m */ = {isa = PBXFileReference; lastKnownFileType = sourcecode.c.objc; path = Document.m; sourceTree = "<group>"; };
		232055F82457D2C7005ADCCF /* Assets.xcassets */ = {isa = PBXFileReference; lastKnownFileType = folder.assetcatalog; path = Assets.xcassets; sourceTree = "<group>"; };
		232055FB2457D2C7005ADCCF /* Base */ = {isa = PBXFileReference; lastKnownFileType = file.xib; name = Base; path = Base.lproj/MainMenu.xib; sourceTree = "<group>"; };
		232055FD2457D2C7005ADCCF /* Info.plist */ = {isa = PBXFileReference; lastKnownFileType = text.plist.xml; path = Info.plist; sourceTree = "<group>"; };
		232055FE2457D2C7005ADCCF /* main.m */ = {isa = PBXFileReference; lastKnownFileType = sourcecode.c.objc; path = main.m; sourceTree = "<group>"; };
		232056002457D2C7005ADCCF /* SimEpidemic.entitlements */ = {isa = PBXFileReference; lastKnownFileType = text.plist.entitlements; path = SimEpidemic.entitlements; sourceTree = "<group>"; };
		232790B824587B670017AEC2 /* Agent.h */ = {isa = PBXFileReference; lastKnownFileType = sourcecode.c.h; path = Agent.h; sourceTree = "<group>"; };
		232790B924587B670017AEC2 /* Agent.m */ = {isa = PBXFileReference; lastKnownFileType = sourcecode.c.objc; path = Agent.m; sourceTree = "<group>"; };
		233420CF2468156200C93F8E /* DataPanel.h */ = {isa = PBXFileReference; lastKnownFileType = sourcecode.c.h; path = DataPanel.h; sourceTree = "<group>"; };
		233420D02468156200C93F8E /* DataPanel.m */ = {isa = PBXFileReference; lastKnownFileType = sourcecode.c.objc; path = DataPanel.m; sourceTree = "<group>"; };
		2337CD78256D0AFE0020DB19 /* Statistics.h */ = {isa = PBXFileReference; lastKnownFileType = sourcecode.c.h; path = Statistics.h; sourceTree = "<group>"; };
		2337CD79256D0AFE0020DB19 /* Statistics.m */ = {isa = PBXFileReference; lastKnownFileType = sourcecode.c.objc; path = Statistics.m; sourceTree = "<group>"; };
		2337CD7B256D0BA90020DB19 /* main.h */ = {isa = PBXFileReference; lastKnownFileType = sourcecode.c.h; path = main.h; sourceTree = "<group>"; };
		233D9DE824869F7300498A77 /* Base */ = {isa = PBXFileReference; lastKnownFileType = file.xib; name = Base; path = Base.lproj/Scenario.xib; sourceTree = "<group>"; };
		233D9DEB24869F7D00498A77 /* Base */ = {isa = PBXFileReference; lastKnownFileType = file.xib; name = Base; path = Base.lproj/DataPanel.xib; sourceTree = "<group>"; };
		233D9DEE24869F8400498A77 /* Base */ = {isa = PBXFileReference; lastKnownFileType = file.xib; name = Base; path = Base.lproj/StatPanel.xib; sourceTree = "<group>"; };
		233D9DF124869F8C00498A77 /* Base */ = {isa = PBXFileReference; lastKnownFileType = file.xib; name = Base; path = Base.lproj/ParamPanel.xib; sourceTree = "<group>"; };
		233D9DF424869F9B00498A77 /* en */ = {isa = PBXFileReference; lastKnownFileType = text.plist.strings; name = en; path = en.lproj/Localizable.strings; sourceTree = "<group>"; };
		233D9DF724869FA200498A77 /* Base */ = {isa = PBXFileReference; lastKnownFileType = text.rtf; name = Base; path = Base.lproj/Credits.rtf; sourceTree = "<group>"; };
		233D9E012486A2E000498A77 /* ja */ = {isa = PBXFileReference; lastKnownFileType = text.plist.strings; name = ja; path = ja.lproj/Scenario.strings; sourceTree = "<group>"; };
		233D9E022486A2E000498A77 /* ja */ = {isa = PBXFileReference; lastKnownFileType = text.plist.strings; name = ja; path = ja.lproj/DataPanel.strings; sourceTree = "<group>"; };
		233D9E032486A2E000498A77 /* ja */ = {isa = PBXFileReference; lastKnownFileType = text.plist.strings; name = ja; path = ja.lproj/StatPanel.strings; sourceTree = "<group>"; };
		233D9E042486A2E000498A77 /* ja */ = {isa = PBXFileReference; lastKnownFileType = text.plist.strings; name = ja; path = ja.lproj/ParamPanel.strings; sourceTree = "<group>"; };
		233D9E062486A2E000498A77 /* ja */ = {isa = PBXFileReference; lastKnownFileType = text.plist.strings; name = ja; path = ja.lproj/MainMenu.strings; sourceTree = "<group>"; };
		233D9E072486A2E000498A77 /* ja */ = {isa = PBXFileReference; lastKnownFileType = text.plist.strings; name = ja; path = ja.lproj/Localizable.strings; sourceTree = "<group>"; };
		233D9E082486A35900498A77 /* ja */ = {isa = PBXFileReference; lastKnownFileType = text.rtf; name = ja; path = ja.lproj/Credits.rtf; sourceTree = "<group>"; };
		233D9E0C2486B14A00498A77 /* ja */ = {isa = PBXFileReference; lastKnownFileType = text.plist.strings; name = ja; path = ja.lproj/InfoPlist.strings; sourceTree = "<group>"; };
		234E8DE225AA88FF00E9D054 /* Rp90_s1500_2.sEpi */ = {isa = PBXFileReference; lastKnownFileType = text.xml; path = Rp90_s1500_2.sEpi; sourceTree = "<group>"; };
		234E8DE825AA88FF00E9D054 /* 時系列.numbers */ = {isa = PBXFileReference; lastKnownFileType = file; path = "時系列.numbers"; sourceTree = "<group>"; };
		235639CA247111A200F941A6 /* Scenario.h */ = {isa = PBXFileReference; lastKnownFileType = sourcecode.c.h; path = Scenario.h; sourceTree = "<group>"; };
		235639CB247111A200F941A6 /* Scenario.m */ = {isa = PBXFileReference; lastKnownFileType = sourcecode.c.objc; path = Scenario.m; sourceTree = "<group>"; };
		23576D3E24D80FCC00120D3F /* SimEpidemic.sdef */ = {isa = PBXFileReference; fileEncoding = 4; lastKnownFileType = text.xml; path = SimEpidemic.sdef; sourceTree = "<group>"; };
		2359E8E7253B092B004041D9 /* BlockingInfo.h */ = {isa = PBXFileReference; lastKnownFileType = sourcecode.c.h; path = BlockingInfo.h; sourceTree = "<group>"; };
		2359E8E8253B092B004041D9 /* BlockingInfo.m */ = {isa = PBXFileReference; lastKnownFileType = sourcecode.c.objc; path = BlockingInfo.m; sourceTree = "<group>"; };
		235B7E762509D7AE0016090F /* ProcContext.h */ = {isa = PBXFileReference; lastKnownFileType = sourcecode.c.h; path = ProcContext.h; sourceTree = "<group>"; };
		235B7E772509D7AE0016090F /* ProcContext.m */ = {isa = PBXFileReference; lastKnownFileType = sourcecode.c.objc; path = ProcContext.m; sourceTree = "<group>"; };
		235B7E792509F6800016090F /* DataCompress.h */ = {isa = PBXFileReference; fileEncoding = 4; lastKnownFileType = sourcecode.c.h; path = DataCompress.h; sourceTree = "<group>"; };
		235B7E7A2509F6800016090F /* DataCompress.m */ = {isa = PBXFileReference; fileEncoding = 4; lastKnownFileType = sourcecode.c.objc; path = DataCompress.m; sourceTree = "<group>"; };
		235D65782462564600487784 /* ParamPanel.h */ = {isa = PBXFileReference; lastKnownFileType = sourcecode.c.h; path = ParamPanel.h; sourceTree = "<group>"; };
		235D65792462564600487784 /* ParamPanel.m */ = {isa = PBXFileReference; lastKnownFileType = sourcecode.c.objc; path = ParamPanel.m; sourceTree = "<group>"; };
		2364494A25A1741600C67E18 /* Base */ = {isa = PBXFileReference; lastKnownFileType = file.xib; name = Base; path = Base.lproj/Document.xib; sourceTree = "<group>"; };
		2364494F25A174B600C67E18 /* ja */ = {isa = PBXFileReference; lastKnownFileType = text.plist.strings; name = ja; path = ja.lproj/Document.strings; sourceTree = "<group>"; };
		2365DEB62506145A006C2A95 /* simepidemic */ = {isa = PBXFileReference; explicitFileType = "compiled.mach-o.executable"; includeInIndex = 0; path = simepidemic; sourceTree = BUILT_PRODUCTS_DIR; };
		2365DEC225061537006C2A95 /* noGUI.h */ = {isa = PBXFileReference; fileEncoding = 4; lastKnownFileType = sourcecode.c.h; path = noGUI.h; sourceTree = "<group>"; };
		2365DEC325061537006C2A95 /* noGUI.m */ = {isa = PBXFileReference; fileEncoding = 4; lastKnownFileType = sourcecode.c.objc; path = noGUI.m; sourceTree = "<group>"; };
		2365DEC425061537006C2A95 /* noGUIInfo.h */ = {isa = PBXFileReference; fileEncoding = 4; lastKnownFileType = sourcecode.c.h; path = noGUIInfo.h; sourceTree = "<group>"; };
		23666C63248C99BB00061274 /* ja */ = {isa = PBXFileReference; lastKnownFileType = text.plist.strings; name = ja; path = ja.lproj/Preferences.strings; sourceTree = "<group>"; };
		23673362252EFA8E00284D91 /* PeriodicReporter.h */ = {isa = PBXFileReference; lastKnownFileType = sourcecode.c.h; path = PeriodicReporter.h; sourceTree = "<group>"; };
		23673363252EFA8E00284D91 /* PeriodicReporter.m */ = {isa = PBXFileReference; lastKnownFileType = sourcecode.c.objc; path = PeriodicReporter.m; sourceTree = "<group>"; };
		236BD9D2252ADD5300A1D21D /* control.html */ = {isa = PBXFileReference; lastKnownFileType = text.html; path = control.html; sourceTree = "<group>"; };
		2372797525203323000BC3C5 /* batch.html */ = {isa = PBXFileReference; lastKnownFileType = text.html; path = batch.html; sourceTree = "<group>"; };
		23774D7B25C2F5C2009A3132 /* simepidemic-http-server132.md */ = {isa = PBXFileReference; lastKnownFileType = net.daringfireball.markdown; path = "simepidemic-http-server132.md"; sourceTree = "<group>"; };
		2378766825027AE500897003 /* simepidemic-model.md */ = {isa = PBXFileReference; lastKnownFileType = net.daringfireball.markdown; path = "simepidemic-model.md"; sourceTree = "<group>"; };
		2378766B25027AE500897003 /* Pathogenesis.svg */ = {isa = PBXFileReference; lastKnownFileType = text.xml; path = Pathogenesis.svg; sourceTree = "<group>"; };
		2387B42324FCD2190039796A /* Preferences.h */ = {isa = PBXFileReference; lastKnownFileType = sourcecode.c.h; path = Preferences.h; sourceTree = "<group>"; };
		2387B42424FCD2190039796A /* Preferences.m */ = {isa = PBXFileReference; lastKnownFileType = sourcecode.c.objc; path = Preferences.m; sourceTree = "<group>"; };
		238A8F27246694D300604BF4 /* StatPanel.h */ = {isa = PBXFileReference; lastKnownFileType = sourcecode.c.h; path = StatPanel.h; sourceTree = "<group>"; };
		238A8F28246694D300604BF4 /* StatPanel.m */ = {isa = PBXFileReference; lastKnownFileType = sourcecode.c.objc; path = StatPanel.m; sourceTree = "<group>"; };
		238C4526248B783B00FB5F89 /* Base */ = {isa = PBXFileReference; lastKnownFileType = file.xib; name = Base; path = Base.lproj/Preferences.xib; sourceTree = "<group>"; };
		239A1AF32513707B00B92DAD /* index.html */ = {isa = PBXFileReference; lastKnownFileType = text.html; path = index.html; sourceTree = "<group>"; };
		239A1AF4251370AA00B92DAD /* favicon.ico */ = {isa = PBXFileReference; lastKnownFileType = image.ico; path = favicon.ico; sourceTree = "<group>"; };
		23A14AFE25317FA500AC765F /* control.js */ = {isa = PBXFileReference; lastKnownFileType = sourcecode.javascript; path = control.js; sourceTree = "<group>"; };
		23A53E9425D177D80072552E /* SaveState.h */ = {isa = PBXFileReference; lastKnownFileType = sourcecode.c.h; path = SaveState.h; sourceTree = "<group>"; };
		23A53E9525D178360072552E /* SaveState.m */ = {isa = PBXFileReference; fileEncoding = 4; lastKnownFileType = sourcecode.c.objc; path = SaveState.m; sourceTree = "<group>"; };
		23A9176B260B1EFF00755061 /* Base */ = {isa = PBXFileReference; lastKnownFileType = image.pdf; name = Base; path = Base.lproj/DropImageHere.pdf; sourceTree = "<group>"; };
		23A9176D260B1F1000755061 /* ja */ = {isa = PBXFileReference; lastKnownFileType = image.pdf; name = ja; path = ja.lproj/DropImageHere.pdf; sourceTree = "<group>"; };
		23AF0267250F98840074EF87 /* BatchJob.h */ = {isa = PBXFileReference; lastKnownFileType = sourcecode.c.h; path = BatchJob.h; sourceTree = "<group>"; };
		23AF0268250F98840074EF87 /* BatchJob.m */ = {isa = PBXFileReference; lastKnownFileType = sourcecode.c.objc; path = BatchJob.m; sourceTree = "<group>"; };
		23B89E4C255BD61000A95360 /* simepiWorld */ = {isa = PBXFileReference; explicitFileType = "compiled.mach-o.executable"; includeInIndex = 0; path = simepiWorld; sourceTree = BUILT_PRODUCTS_DIR; };
		23B89E4E255BD61000A95360 /* main.m */ = {isa = PBXFileReference; lastKnownFileType = sourcecode.c.objc; path = main.m; sourceTree = "<group>"; };
		23BE9B3E25592A440005D1FF /* backend.h */ = {isa = PBXFileReference; lastKnownFileType = sourcecode.c.h; path = backend.h; sourceTree = "<group>"; };
		23C3FFE02557FB3F004906AE /* simepiBackend */ = {isa = PBXFileReference; explicitFileType = "compiled.mach-o.executable"; includeInIndex = 0; path = simepiBackend; sourceTree = BUILT_PRODUCTS_DIR; };
		23C3FFE22557FB3F004906AE /* main.m */ = {isa = PBXFileReference; lastKnownFileType = sourcecode.c.objc; path = main.m; sourceTree = "<group>"; };
		23D6E02B24D59DDD00A5D604 /* Parameters.h */ = {isa = PBXFileReference; lastKnownFileType = sourcecode.c.h; path = Parameters.h; sourceTree = "<group>"; };
		23D6E02C24D59DDD00A5D604 /* Parameters.m */ = {isa = PBXFileReference; lastKnownFileType = sourcecode.c.objc; path = Parameters.m; sourceTree = "<group>"; };
		23D6EAE1260C4C6900D48F7E /* Base */ = {isa = PBXFileReference; lastKnownFileType = file.xib; name = Base; path = Base.lproj/PopDist.xib; sourceTree = "<group>"; };
		23D6EAE4260C555000D48F7E /* ja */ = {isa = PBXFileReference; lastKnownFileType = text.plist.strings; name = ja; path = ja.lproj/PopDist.strings; sourceTree = "<group>"; };
		23D6EAE5260C562D00D48F7E /* PopDist.h */ = {isa = PBXFileReference; lastKnownFileType = sourcecode.c.h; path = PopDist.h; sourceTree = "<group>"; };
		23D6EAE6260C562D00D48F7E /* PopDist.m */ = {isa = PBXFileReference; lastKnownFileType = sourcecode.c.objc; path = PopDist.m; sourceTree = "<group>"; };
		23DAF066251737FB00C41E76 /* Gatherings.h */ = {isa = PBXFileReference; lastKnownFileType = sourcecode.c.h; path = Gatherings.h; sourceTree = "<group>"; };
		23DAF067251737FB00C41E76 /* Gatherings.m */ = {isa = PBXFileReference; lastKnownFileType = sourcecode.c.objc; path = Gatherings.m; sourceTree = "<group>"; };
		23F2613A255ABFC1009131AA /* WorldB.h */ = {isa = PBXFileReference; lastKnownFileType = sourcecode.c.h; path = WorldB.h; sourceTree = "<group>"; };
		23F2613B255ABFC1009131AA /* WorldB.m */ = {isa = PBXFileReference; lastKnownFileType = sourcecode.c.objc; path = WorldB.m; sourceTree = "<group>"; };
/* End PBXFileReference section */

/* Begin PBXFrameworksBuildPhase section */
		232055E92457D2C5005ADCCF /* Frameworks */ = {
			isa = PBXFrameworksBuildPhase;
			buildActionMask = 2147483647;
			files = (
			);
			runOnlyForDeploymentPostprocessing = 0;
		};
		2365DEB32506145A006C2A95 /* Frameworks */ = {
			isa = PBXFrameworksBuildPhase;
			buildActionMask = 2147483647;
			files = (
			);
			runOnlyForDeploymentPostprocessing = 0;
		};
		23B89E49255BD61000A95360 /* Frameworks */ = {
			isa = PBXFrameworksBuildPhase;
			buildActionMask = 2147483647;
			files = (
			);
			runOnlyForDeploymentPostprocessing = 0;
		};
		23C3FFDD2557FB3F004906AE /* Frameworks */ = {
			isa = PBXFrameworksBuildPhase;
			buildActionMask = 2147483647;
			files = (
			);
			runOnlyForDeploymentPostprocessing = 0;
		};
/* End PBXFrameworksBuildPhase section */

/* Begin PBXGroup section */
		232055E32457D2C5005ADCCF = {
			isa = PBXGroup;
			children = (
				23135F4725B31CEE00BE0292 /* README.md */,
				232055EE2457D2C5005ADCCF /* SimEpidemic */,
				2365DEB72506145A006C2A95 /* SimEpidemicSV */,
				23C3FFE12557FB3F004906AE /* simepiBackend */,
				23B89E4D255BD61000A95360 /* simepiWorld */,
				232055ED2457D2C5005ADCCF /* Products */,
				234E8DD025AA88FF00E9D054 /* Sample */,
				2378766625027AE500897003 /* Documents */,
			);
			sourceTree = "<group>";
		};
		232055ED2457D2C5005ADCCF /* Products */ = {
			isa = PBXGroup;
			children = (
				232055EC2457D2C5005ADCCF /* SimEpidemic.app */,
				2365DEB62506145A006C2A95 /* simepidemic */,
				23C3FFE02557FB3F004906AE /* simepiBackend */,
				23B89E4C255BD61000A95360 /* simepiWorld */,
			);
			name = Products;
			sourceTree = "<group>";
		};
		232055EE2457D2C5005ADCCF /* SimEpidemic */ = {
			isa = PBXGroup;
			children = (
				235D65772462555500487784 /* Sources */,
				235D65762462552300487784 /* Interfaces */,
				232055F82457D2C7005ADCCF /* Assets.xcassets */,
				232055FD2457D2C7005ADCCF /* Info.plist */,
				232055FE2457D2C7005ADCCF /* main.m */,
				232056002457D2C7005ADCCF /* SimEpidemic.entitlements */,
				231E25C6247401060005A381 /* loupeMinus.pdf */,
				231E25C5247401060005A381 /* loupePlus.pdf */,
			);
			path = SimEpidemic;
			sourceTree = "<group>";
		};
		234E8DD025AA88FF00E9D054 /* Sample */ = {
			isa = PBXGroup;
			children = (
				234E8DE225AA88FF00E9D054 /* Rp90_s1500_2.sEpi */,
				234E8DE825AA88FF00E9D054 /* 時系列.numbers */,
			);
			path = Sample;
			sourceTree = "<group>";
		};
		235D65762462552300487784 /* Interfaces */ = {
			isa = PBXGroup;
			children = (
				2364494925A1741600C67E18 /* Document.xib */,
				233D9DE924869F7300498A77 /* Scenario.xib */,
				233D9DEC24869F7D00498A77 /* DataPanel.xib */,
				233D9DEF24869F8400498A77 /* StatPanel.xib */,
				233D9DF224869F8C00498A77 /* ParamPanel.xib */,
				232055FA2457D2C7005ADCCF /* MainMenu.xib */,
				23D6EAE0260C4C6900D48F7E /* PopDist.xib */,
				233D9DF524869F9B00498A77 /* Localizable.strings */,
				233D9DF824869FA200498A77 /* Credits.rtf */,
				233D9E0D2486B14A00498A77 /* InfoPlist.strings */,
				238C4525248B783B00FB5F89 /* Preferences.xib */,
				23576D3E24D80FCC00120D3F /* SimEpidemic.sdef */,
				23A9176A260B1EFF00755061 /* DropImageHere.pdf */,
			);
			path = Interfaces;
			sourceTree = "<group>";
		};
		235D65772462555500487784 /* Sources */ = {
			isa = PBXGroup;
			children = (
				232790B824587B670017AEC2 /* Agent.h */,
				232790B924587B670017AEC2 /* Agent.m */,
				232055EF2457D2C6005ADCCF /* AppDelegate.h */,
				232055F02457D2C6005ADCCF /* AppDelegate.m */,
				231E000D246125AD00BFBE9E /* CommonTypes.h */,
				233420CF2468156200C93F8E /* DataPanel.h */,
				233420D02468156200C93F8E /* DataPanel.m */,
				232055F22457D2C6005ADCCF /* Document.h */,
				232055F32457D2C6005ADCCF /* Document.m */,
				23DAF066251737FB00C41E76 /* Gatherings.h */,
				23DAF067251737FB00C41E76 /* Gatherings.m */,
				231E000E2461497000BFBE9E /* MyView.h */,
				231E000F2461497000BFBE9E /* MyView.m */,
				23D6E02B24D59DDD00A5D604 /* Parameters.h */,
				23D6E02C24D59DDD00A5D604 /* Parameters.m */,
				235D65782462564600487784 /* ParamPanel.h */,
				235D65792462564600487784 /* ParamPanel.m */,
				2387B42324FCD2190039796A /* Preferences.h */,
				2387B42424FCD2190039796A /* Preferences.m */,
				2310A3122587486F00201F0C /* SaveDoc.h */,
				2310A3132587486F00201F0C /* SaveDoc.m */,
				235639CA247111A200F941A6 /* Scenario.h */,
				235639CB247111A200F941A6 /* Scenario.m */,
				238A8F27246694D300604BF4 /* StatPanel.h */,
				238A8F28246694D300604BF4 /* StatPanel.m */,
				23D6EAE5260C562D00D48F7E /* PopDist.h */,
				23D6EAE6260C562D00D48F7E /* PopDist.m */,
			);
			path = Sources;
			sourceTree = "<group>";
		};
		2365DEB72506145A006C2A95 /* SimEpidemicSV */ = {
			isa = PBXGroup;
			children = (
				239A1AEE25136D0200B92DAD /* DocumentRoot */,
				2365DEC225061537006C2A95 /* noGUI.h */,
				2365DEC325061537006C2A95 /* noGUI.m */,
				2365DEC425061537006C2A95 /* noGUIInfo.h */,
				235B7E762509D7AE0016090F /* ProcContext.h */,
				235B7E772509D7AE0016090F /* ProcContext.m */,
				23A53E9425D177D80072552E /* SaveState.h */,
				23A53E9525D178360072552E /* SaveState.m */,
				235B7E792509F6800016090F /* DataCompress.h */,
				235B7E7A2509F6800016090F /* DataCompress.m */,
				23AF0267250F98840074EF87 /* BatchJob.h */,
				23AF0268250F98840074EF87 /* BatchJob.m */,
				23673362252EFA8E00284D91 /* PeriodicReporter.h */,
				23673363252EFA8E00284D91 /* PeriodicReporter.m */,
				2359E8E7253B092B004041D9 /* BlockingInfo.h */,
				2359E8E8253B092B004041D9 /* BlockingInfo.m */,
			);
			path = SimEpidemicSV;
			sourceTree = "<group>";
		};
		2378766625027AE500897003 /* Documents */ = {
			isa = PBXGroup;
			children = (
				2378766825027AE500897003 /* simepidemic-model.md */,
				23774D7B25C2F5C2009A3132 /* simepidemic-http-server132.md */,
				2378766A25027AE500897003 /* Figures */,
			);
			path = Documents;
			sourceTree = "<group>";
		};
		2378766A25027AE500897003 /* Figures */ = {
			isa = PBXGroup;
			children = (
				2378766B25027AE500897003 /* Pathogenesis.svg */,
			);
			path = Figures;
			sourceTree = "<group>";
		};
		239A1AEE25136D0200B92DAD /* DocumentRoot */ = {
			isa = PBXGroup;
			children = (
				239A1AF32513707B00B92DAD /* index.html */,
				2372797525203323000BC3C5 /* batch.html */,
				236BD9D2252ADD5300A1D21D /* control.html */,
				239A1AF4251370AA00B92DAD /* favicon.ico */,
				23A14AFE25317FA500AC765F /* control.js */,
			);
			path = DocumentRoot;
			sourceTree = "<group>";
		};
		23B89E4D255BD61000A95360 /* simepiWorld */ = {
			isa = PBXGroup;
			children = (
				23B89E4E255BD61000A95360 /* main.m */,
				2337CD7B256D0BA90020DB19 /* main.h */,
				2337CD78256D0AFE0020DB19 /* Statistics.h */,
				2337CD79256D0AFE0020DB19 /* Statistics.m */,
			);
			path = simepiWorld;
			sourceTree = "<group>";
		};
		23C3FFE12557FB3F004906AE /* simepiBackend */ = {
			isa = PBXGroup;
			children = (
				23C3FFE22557FB3F004906AE /* main.m */,
				23BE9B3E25592A440005D1FF /* backend.h */,
				23F2613A255ABFC1009131AA /* WorldB.h */,
				23F2613B255ABFC1009131AA /* WorldB.m */,
			);
			path = simepiBackend;
			sourceTree = "<group>";
		};
/* End PBXGroup section */

/* Begin PBXNativeTarget section */
		232055EB2457D2C5005ADCCF /* SimEpidemic */ = {
			isa = PBXNativeTarget;
			buildConfigurationList = 232056032457D2C7005ADCCF /* Build configuration list for PBXNativeTarget "SimEpidemic" */;
			buildPhases = (
				232055E82457D2C5005ADCCF /* Sources */,
				232055E92457D2C5005ADCCF /* Frameworks */,
				232055EA2457D2C5005ADCCF /* Resources */,
				236F7B3D2485277B004ABB83 /* ShellScript */,
			);
			buildRules = (
			);
			dependencies = (
			);
			name = SimEpidemic;
			productName = SimEpidemic;
			productReference = 232055EC2457D2C5005ADCCF /* SimEpidemic.app */;
			productType = "com.apple.product-type.application";
		};
		2365DEB52506145A006C2A95 /* SimEpidemicSV */ = {
			isa = PBXNativeTarget;
			buildConfigurationList = 2365DEBA2506145A006C2A95 /* Build configuration list for PBXNativeTarget "SimEpidemicSV" */;
			buildPhases = (
				2365DECB250616E5006C2A95 /* ShellScript */,
				2365DEB22506145A006C2A95 /* Sources */,
				2365DEB32506145A006C2A95 /* Frameworks */,
				2365DEB42506145A006C2A95 /* CopyFiles */,
			);
			buildRules = (
			);
			dependencies = (
			);
			name = SimEpidemicSV;
			productName = SimEpidemicSV;
			productReference = 2365DEB62506145A006C2A95 /* simepidemic */;
			productType = "com.apple.product-type.tool";
		};
		23B89E4B255BD61000A95360 /* simepiWorld */ = {
			isa = PBXNativeTarget;
			buildConfigurationList = 23B89E52255BD61000A95360 /* Build configuration list for PBXNativeTarget "simepiWorld" */;
			buildPhases = (
				23B89E48255BD61000A95360 /* Sources */,
				23B89E49255BD61000A95360 /* Frameworks */,
				23B89E4A255BD61000A95360 /* CopyFiles */,
			);
			buildRules = (
			);
			dependencies = (
			);
			name = simepiWorld;
			productName = simepiWorld;
			productReference = 23B89E4C255BD61000A95360 /* simepiWorld */;
			productType = "com.apple.product-type.tool";
		};
		23C3FFDF2557FB3F004906AE /* simepiBackend */ = {
			isa = PBXNativeTarget;
			buildConfigurationList = 23C3FFE62557FB3F004906AE /* Build configuration list for PBXNativeTarget "simepiBackend" */;
			buildPhases = (
				23C3FFDC2557FB3F004906AE /* Sources */,
				23C3FFDD2557FB3F004906AE /* Frameworks */,
				23C3FFDE2557FB3F004906AE /* CopyFiles */,
			);
			buildRules = (
			);
			dependencies = (
			);
			name = simepiBackend;
			productName = simepiBackend;
			productReference = 23C3FFE02557FB3F004906AE /* simepiBackend */;
			productType = "com.apple.product-type.tool";
		};
/* End PBXNativeTarget section */

/* Begin PBXProject section */
		232055E42457D2C5005ADCCF /* Project object */ = {
			isa = PBXProject;
			attributes = {
				LastUpgradeCheck = 1130;
				ORGANIZATIONNAME = "Tatsuo Unemi";
				TargetAttributes = {
					232055EB2457D2C5005ADCCF = {
						CreatedOnToolsVersion = 11.3.1;
					};
					2365DEB52506145A006C2A95 = {
						CreatedOnToolsVersion = 11.3.1;
					};
					23B89E4B255BD61000A95360 = {
						CreatedOnToolsVersion = 11.3.1;
					};
					23C3FFDF2557FB3F004906AE = {
						CreatedOnToolsVersion = 11.3.1;
					};
				};
			};
			buildConfigurationList = 232055E72457D2C5005ADCCF /* Build configuration list for PBXProject "SimEpidemic" */;
			compatibilityVersion = "Xcode 9.3";
			developmentRegion = en;
			hasScannedForEncodings = 0;
			knownRegions = (
				en,
				Base,
				ja,
			);
			mainGroup = 232055E32457D2C5005ADCCF;
			productRefGroup = 232055ED2457D2C5005ADCCF /* Products */;
			projectDirPath = "";
			projectRoot = "";
			targets = (
				232055EB2457D2C5005ADCCF /* SimEpidemic */,
				2365DEB52506145A006C2A95 /* SimEpidemicSV */,
				23C3FFDF2557FB3F004906AE /* simepiBackend */,
				23B89E4B255BD61000A95360 /* simepiWorld */,
			);
		};
/* End PBXProject section */

/* Begin PBXResourcesBuildPhase section */
		232055EA2457D2C5005ADCCF /* Resources */ = {
			isa = PBXResourcesBuildPhase;
			buildActionMask = 2147483647;
			files = (
				2364494B25A1741600C67E18 /* Document.xib in Resources */,
				23A9176C260B1EFF00755061 /* DropImageHere.pdf in Resources */,
				233D9DF024869F8C00498A77 /* ParamPanel.xib in Resources */,
				238C4527248B783B00FB5F89 /* Preferences.xib in Resources */,
				233D9E0B2486B14A00498A77 /* InfoPlist.strings in Resources */,
				231E25C8247401060005A381 /* loupeMinus.pdf in Resources */,
				233D9DF324869F9B00498A77 /* Localizable.strings in Resources */,
				232055F92457D2C7005ADCCF /* Assets.xcassets in Resources */,
				233D9DEA24869F7D00498A77 /* DataPanel.xib in Resources */,
				233D9DE724869F7300498A77 /* Scenario.xib in Resources */,
				232055FC2457D2C7005ADCCF /* MainMenu.xib in Resources */,
				233D9DF624869FA200498A77 /* Credits.rtf in Resources */,
				23576D3F24D80FCC00120D3F /* SimEpidemic.sdef in Resources */,
				231E25C7247401060005A381 /* loupePlus.pdf in Resources */,
				233D9DED24869F8400498A77 /* StatPanel.xib in Resources */,
				23D6EAE2260C4C6900D48F7E /* PopDist.xib in Resources */,
			);
			runOnlyForDeploymentPostprocessing = 0;
		};
/* End PBXResourcesBuildPhase section */

/* Begin PBXShellScriptBuildPhase section */
		2365DECB250616E5006C2A95 /* ShellScript */ = {
			isa = PBXShellScriptBuildPhase;
			buildActionMask = 2147483647;
			files = (
			);
			inputFileListPaths = (
			);
			inputPaths = (
			);
			outputFileListPaths = (
			);
			outputPaths = (
			);
			runOnlyForDeploymentPostprocessing = 0;
			shellPath = /bin/sh;
			shellScript = "# Type a script or drag a script file from your workspace to insert its path.\n#env | sort > /tmp/x.txt\nif [ $CONFIGURATION != Debug ]; then\ncd SimEpidemicSV\nawk -F, '{printf \"%s, '\"`date '+%Y/%m/%d %H:%M:%S'`\"' '$USER'\\\";\\n\",$1}' noGUIInfo.h > noGUIInfo$$.tmp\nmv noGUIInfo$$.tmp noGUIInfo.h\nfi\n";
		};
		236F7B3D2485277B004ABB83 /* ShellScript */ = {
			isa = PBXShellScriptBuildPhase;
			buildActionMask = 2147483647;
			files = (
			);
			inputFileListPaths = (
			);
			inputPaths = (
			);
			outputFileListPaths = (
			);
			outputPaths = (
			);
			runOnlyForDeploymentPostprocessing = 0;
			shellPath = /bin/sh;
			shellScript = "if [ ${CONFIGURATION} == Release ]; then /Users/unemi/Program/bin/incBuildVersion.csh; fi\n";
		};
/* End PBXShellScriptBuildPhase section */

/* Begin PBXSourcesBuildPhase section */
		232055E82457D2C5005ADCCF /* Sources */ = {
			isa = PBXSourcesBuildPhase;
			buildActionMask = 2147483647;
			files = (
				233420D22468156200C93F8E /* DataPanel.m in Sources */,
				232055F42457D2C6005ADCCF /* Document.m in Sources */,
				232790BA24587B670017AEC2 /* Agent.m in Sources */,
				23DAF068251737FB00C41E76 /* Gatherings.m in Sources */,
				238A8F2A246694D300604BF4 /* StatPanel.m in Sources */,
				2310A3142587486F00201F0C /* SaveDoc.m in Sources */,
				235D657B2462564600487784 /* ParamPanel.m in Sources */,
				23D6E02D24D59DDD00A5D604 /* Parameters.m in Sources */,
				232055FF2457D2C7005ADCCF /* main.m in Sources */,
				23D6EAE7260C562D00D48F7E /* PopDist.m in Sources */,
				232055F12457D2C6005ADCCF /* AppDelegate.m in Sources */,
				235639CD247111A200F941A6 /* Scenario.m in Sources */,
				231E00102461497000BFBE9E /* MyView.m in Sources */,
				2387B42524FCD2190039796A /* Preferences.m in Sources */,
				2310A31625879C8100201F0C /* DataCompress.m in Sources */,
			);
			runOnlyForDeploymentPostprocessing = 0;
		};
		2365DEB22506145A006C2A95 /* Sources */ = {
			isa = PBXSourcesBuildPhase;
			buildActionMask = 2147483647;
			files = (
				2365DEC72506159A006C2A95 /* AppDelegate.m in Sources */,
				2365DEC82506159A006C2A95 /* Document.m in Sources */,
				232683BD25D0FB390023E10C /* SaveDoc.m in Sources */,
				23AF0269250F98840074EF87 /* BatchJob.m in Sources */,
				23DAF069251737FB00C41E76 /* Gatherings.m in Sources */,
				2365DEC92506159A006C2A95 /* Agent.m in Sources */,
				2365DECA2506159A006C2A95 /* StatPanel.m in Sources */,
				2365DEC525061537006C2A95 /* noGUI.m in Sources */,
				235B7E782509D7AE0016090F /* ProcContext.m in Sources */,
				2359E8E9253B092B004041D9 /* BlockingInfo.m in Sources */,
				235B7E7B2509F6800016090F /* DataCompress.m in Sources */,
				23673364252EFA8E00284D91 /* PeriodicReporter.m in Sources */,
				23A53E9625D178360072552E /* SaveState.m in Sources */,
			);
			runOnlyForDeploymentPostprocessing = 0;
		};
		23B89E48255BD61000A95360 /* Sources */ = {
			isa = PBXSourcesBuildPhase;
			buildActionMask = 2147483647;
			files = (
				23B89E57255BD70A00A95360 /* Agent.m in Sources */,
				2337CD7A256D0AFE0020DB19 /* Statistics.m in Sources */,
				23B89E54255BD6DB00A95360 /* AppDelegate.m in Sources */,
				23B89E55255BD6DB00A95360 /* StatPanel.m in Sources */,
				23B89E56255BD6DB00A95360 /* Gatherings.m in Sources */,
				23B89E53255BD66500A95360 /* Document.m in Sources */,
				23B89E4F255BD61000A95360 /* main.m in Sources */,
			);
			runOnlyForDeploymentPostprocessing = 0;
		};
		23C3FFDC2557FB3F004906AE /* Sources */ = {
			isa = PBXSourcesBuildPhase;
			buildActionMask = 2147483647;
			files = (
				23F2613C255ABFC1009131AA /* WorldB.m in Sources */,
				23C3FFE32557FB3F004906AE /* main.m in Sources */,
			);
			runOnlyForDeploymentPostprocessing = 0;
		};
/* End PBXSourcesBuildPhase section */

/* Begin PBXVariantGroup section */
		232055FA2457D2C7005ADCCF /* MainMenu.xib */ = {
			isa = PBXVariantGroup;
			children = (
				232055FB2457D2C7005ADCCF /* Base */,
				233D9E062486A2E000498A77 /* ja */,
			);
			name = MainMenu.xib;
			sourceTree = "<group>";
		};
		233D9DE924869F7300498A77 /* Scenario.xib */ = {
			isa = PBXVariantGroup;
			children = (
				233D9DE824869F7300498A77 /* Base */,
				233D9E012486A2E000498A77 /* ja */,
			);
			name = Scenario.xib;
			sourceTree = "<group>";
		};
		233D9DEC24869F7D00498A77 /* DataPanel.xib */ = {
			isa = PBXVariantGroup;
			children = (
				233D9DEB24869F7D00498A77 /* Base */,
				233D9E022486A2E000498A77 /* ja */,
			);
			name = DataPanel.xib;
			sourceTree = "<group>";
		};
		233D9DEF24869F8400498A77 /* StatPanel.xib */ = {
			isa = PBXVariantGroup;
			children = (
				233D9DEE24869F8400498A77 /* Base */,
				233D9E032486A2E000498A77 /* ja */,
			);
			name = StatPanel.xib;
			sourceTree = "<group>";
		};
		233D9DF224869F8C00498A77 /* ParamPanel.xib */ = {
			isa = PBXVariantGroup;
			children = (
				233D9DF124869F8C00498A77 /* Base */,
				233D9E042486A2E000498A77 /* ja */,
			);
			name = ParamPanel.xib;
			sourceTree = "<group>";
		};
		233D9DF524869F9B00498A77 /* Localizable.strings */ = {
			isa = PBXVariantGroup;
			children = (
				233D9DF424869F9B00498A77 /* en */,
				233D9E072486A2E000498A77 /* ja */,
			);
			name = Localizable.strings;
			sourceTree = "<group>";
		};
		233D9DF824869FA200498A77 /* Credits.rtf */ = {
			isa = PBXVariantGroup;
			children = (
				233D9DF724869FA200498A77 /* Base */,
				233D9E082486A35900498A77 /* ja */,
			);
			name = Credits.rtf;
			sourceTree = "<group>";
		};
		233D9E0D2486B14A00498A77 /* InfoPlist.strings */ = {
			isa = PBXVariantGroup;
			children = (
				233D9E0C2486B14A00498A77 /* ja */,
			);
			name = InfoPlist.strings;
			path = SimEpidemic;
			sourceTree = SOURCE_ROOT;
		};
		2364494925A1741600C67E18 /* Document.xib */ = {
			isa = PBXVariantGroup;
			children = (
				2364494A25A1741600C67E18 /* Base */,
				2364494F25A174B600C67E18 /* ja */,
			);
			name = Document.xib;
			sourceTree = "<group>";
		};
		238C4525248B783B00FB5F89 /* Preferences.xib */ = {
			isa = PBXVariantGroup;
			children = (
				238C4526248B783B00FB5F89 /* Base */,
				23666C63248C99BB00061274 /* ja */,
			);
			name = Preferences.xib;
			sourceTree = "<group>";
		};
		23A9176A260B1EFF00755061 /* DropImageHere.pdf */ = {
			isa = PBXVariantGroup;
			children = (
				23A9176B260B1EFF00755061 /* Base */,
				23A9176D260B1F1000755061 /* ja */,
			);
			name = DropImageHere.pdf;
			sourceTree = "<group>";
		};
		23D6EAE0260C4C6900D48F7E /* PopDist.xib */ = {
			isa = PBXVariantGroup;
			children = (
				23D6EAE1260C4C6900D48F7E /* Base */,
				23D6EAE4260C555000D48F7E /* ja */,
			);
			name = PopDist.xib;
			sourceTree = "<group>";
		};
/* End PBXVariantGroup section */

/* Begin XCBuildConfiguration section */
		232056012457D2C7005ADCCF /* Debug */ = {
			isa = XCBuildConfiguration;
			buildSettings = {
				ALWAYS_SEARCH_USER_PATHS = NO;
				CLANG_ANALYZER_LOCALIZABILITY_NONLOCALIZED = YES;
				CLANG_ANALYZER_NONNULL = YES;
				CLANG_ANALYZER_NUMBER_OBJECT_CONVERSION = YES_AGGRESSIVE;
				CLANG_CXX_LANGUAGE_STANDARD = "gnu++14";
				CLANG_CXX_LIBRARY = "libc++";
				CLANG_ENABLE_MODULES = YES;
				CLANG_ENABLE_OBJC_ARC = YES;
				CLANG_ENABLE_OBJC_WEAK = YES;
				CLANG_WARN_BLOCK_CAPTURE_AUTORELEASING = YES;
				CLANG_WARN_BOOL_CONVERSION = YES;
				CLANG_WARN_COMMA = YES;
				CLANG_WARN_CONSTANT_CONVERSION = YES;
				CLANG_WARN_DEPRECATED_OBJC_IMPLEMENTATIONS = YES;
				CLANG_WARN_DIRECT_OBJC_ISA_USAGE = YES_ERROR;
				CLANG_WARN_DOCUMENTATION_COMMENTS = YES;
				CLANG_WARN_EMPTY_BODY = YES;
				CLANG_WARN_ENUM_CONVERSION = YES;
				CLANG_WARN_INFINITE_RECURSION = YES;
				CLANG_WARN_INT_CONVERSION = YES;
				CLANG_WARN_NON_LITERAL_NULL_CONVERSION = YES;
				CLANG_WARN_OBJC_IMPLICIT_RETAIN_SELF = YES;
				CLANG_WARN_OBJC_LITERAL_CONVERSION = YES;
				CLANG_WARN_OBJC_ROOT_CLASS = YES_ERROR;
				CLANG_WARN_RANGE_LOOP_ANALYSIS = YES;
				CLANG_WARN_STRICT_PROTOTYPES = YES;
				CLANG_WARN_SUSPICIOUS_MOVE = YES;
				CLANG_WARN_UNGUARDED_AVAILABILITY = YES_AGGRESSIVE;
				CLANG_WARN_UNREACHABLE_CODE = YES;
				CLANG_WARN__DUPLICATE_METHOD_MATCH = YES;
				COPY_PHASE_STRIP = NO;
				DEBUG_INFORMATION_FORMAT = dwarf;
				ENABLE_STRICT_OBJC_MSGSEND = YES;
				ENABLE_TESTABILITY = YES;
				GCC_C_LANGUAGE_STANDARD = gnu11;
				GCC_DYNAMIC_NO_PIC = NO;
				GCC_NO_COMMON_BLOCKS = YES;
				GCC_OPTIMIZATION_LEVEL = 0;
				GCC_PREPROCESSOR_DEFINITIONS = (
					"DEBUG=1",
					"$(inherited)",
				);
				GCC_WARN_64_TO_32_BIT_CONVERSION = YES;
				GCC_WARN_ABOUT_RETURN_TYPE = YES_ERROR;
				GCC_WARN_UNDECLARED_SELECTOR = YES;
				GCC_WARN_UNINITIALIZED_AUTOS = YES_AGGRESSIVE;
				GCC_WARN_UNUSED_FUNCTION = YES;
				GCC_WARN_UNUSED_VARIABLE = YES;
				MACOSX_DEPLOYMENT_TARGET = 10.14;
				MTL_ENABLE_DEBUG_INFO = INCLUDE_SOURCE;
				MTL_FAST_MATH = YES;
				ONLY_ACTIVE_ARCH = YES;
				SDKROOT = macosx;
				VALID_ARCHS = x86_64;
			};
			name = Debug;
		};
		232056022457D2C7005ADCCF /* Release */ = {
			isa = XCBuildConfiguration;
			buildSettings = {
				ALWAYS_SEARCH_USER_PATHS = NO;
				CLANG_ANALYZER_LOCALIZABILITY_NONLOCALIZED = YES;
				CLANG_ANALYZER_NONNULL = YES;
				CLANG_ANALYZER_NUMBER_OBJECT_CONVERSION = YES_AGGRESSIVE;
				CLANG_CXX_LANGUAGE_STANDARD = "gnu++14";
				CLANG_CXX_LIBRARY = "libc++";
				CLANG_ENABLE_MODULES = YES;
				CLANG_ENABLE_OBJC_ARC = YES;
				CLANG_ENABLE_OBJC_WEAK = YES;
				CLANG_WARN_BLOCK_CAPTURE_AUTORELEASING = YES;
				CLANG_WARN_BOOL_CONVERSION = YES;
				CLANG_WARN_COMMA = YES;
				CLANG_WARN_CONSTANT_CONVERSION = YES;
				CLANG_WARN_DEPRECATED_OBJC_IMPLEMENTATIONS = YES;
				CLANG_WARN_DIRECT_OBJC_ISA_USAGE = YES_ERROR;
				CLANG_WARN_DOCUMENTATION_COMMENTS = YES;
				CLANG_WARN_EMPTY_BODY = YES;
				CLANG_WARN_ENUM_CONVERSION = YES;
				CLANG_WARN_INFINITE_RECURSION = YES;
				CLANG_WARN_INT_CONVERSION = YES;
				CLANG_WARN_NON_LITERAL_NULL_CONVERSION = YES;
				CLANG_WARN_OBJC_IMPLICIT_RETAIN_SELF = YES;
				CLANG_WARN_OBJC_LITERAL_CONVERSION = YES;
				CLANG_WARN_OBJC_ROOT_CLASS = YES_ERROR;
				CLANG_WARN_RANGE_LOOP_ANALYSIS = YES;
				CLANG_WARN_STRICT_PROTOTYPES = YES;
				CLANG_WARN_SUSPICIOUS_MOVE = YES;
				CLANG_WARN_UNGUARDED_AVAILABILITY = YES_AGGRESSIVE;
				CLANG_WARN_UNREACHABLE_CODE = YES;
				CLANG_WARN__DUPLICATE_METHOD_MATCH = YES;
				COPY_PHASE_STRIP = NO;
				DEBUG_INFORMATION_FORMAT = "dwarf-with-dsym";
				ENABLE_NS_ASSERTIONS = NO;
				ENABLE_STRICT_OBJC_MSGSEND = YES;
				GCC_C_LANGUAGE_STANDARD = gnu11;
				GCC_NO_COMMON_BLOCKS = YES;
				GCC_OPTIMIZATION_LEVEL = s;
				GCC_WARN_64_TO_32_BIT_CONVERSION = YES;
				GCC_WARN_ABOUT_RETURN_TYPE = YES_ERROR;
				GCC_WARN_UNDECLARED_SELECTOR = YES;
				GCC_WARN_UNINITIALIZED_AUTOS = YES_AGGRESSIVE;
				GCC_WARN_UNUSED_FUNCTION = YES;
				GCC_WARN_UNUSED_VARIABLE = YES;
				MACOSX_DEPLOYMENT_TARGET = 10.14;
				MTL_ENABLE_DEBUG_INFO = NO;
				MTL_FAST_MATH = YES;
				ONLY_ACTIVE_ARCH = YES;
				SDKROOT = macosx;
				VALID_ARCHS = x86_64;
			};
			name = Release;
		};
		232056042457D2C7005ADCCF /* Debug */ = {
			isa = XCBuildConfiguration;
			buildSettings = {
				ASSETCATALOG_COMPILER_APPICON_NAME = AppIcon;
				CODE_SIGN_ENTITLEMENTS = SimEpidemic/SimEpidemic.entitlements;
				CODE_SIGN_STYLE = Automatic;
				COMBINE_HIDPI_IMAGES = YES;
				CURRENT_PROJECT_VERSION = 0;
				DEVELOPMENT_TEAM = 726X5Z9867;
				ENABLE_HARDENED_RUNTIME = YES;
				INFOPLIST_FILE = SimEpidemic/Info.plist;
				LD_RUNPATH_SEARCH_PATHS = (
					"$(inherited)",
					"@executable_path/../Frameworks",
				);
				MARKETING_VERSION = 1.8.4;
				OTHER_CFLAGS = "-mavx";
				PRODUCT_BUNDLE_IDENTIFIER = jp.ac.soka.unemi.SimEpidemic;
				PRODUCT_NAME = "$(TARGET_NAME)";
			};
			name = Debug;
		};
		232056052457D2C7005ADCCF /* Release */ = {
			isa = XCBuildConfiguration;
			buildSettings = {
				ASSETCATALOG_COMPILER_APPICON_NAME = AppIcon;
				CODE_SIGN_ENTITLEMENTS = SimEpidemic/SimEpidemic.entitlements;
				CODE_SIGN_STYLE = Automatic;
				COMBINE_HIDPI_IMAGES = YES;
				CURRENT_PROJECT_VERSION = 0;
				DEVELOPMENT_TEAM = 726X5Z9867;
				ENABLE_HARDENED_RUNTIME = YES;
				INFOPLIST_FILE = SimEpidemic/Info.plist;
				LD_RUNPATH_SEARCH_PATHS = (
					"$(inherited)",
					"@executable_path/../Frameworks",
				);
				MARKETING_VERSION = 1.8.4;
				OTHER_CFLAGS = "-mavx";
				PRODUCT_BUNDLE_IDENTIFIER = jp.ac.soka.unemi.SimEpidemic;
				PRODUCT_NAME = "$(TARGET_NAME)";
			};
			name = Release;
		};
		2365DEBB2506145A006C2A95 /* Debug */ = {
			isa = XCBuildConfiguration;
			buildSettings = {
				CODE_SIGN_IDENTITY = "Apple Development";
				CODE_SIGN_STYLE = Automatic;
				DEVELOPMENT_TEAM = 726X5Z9867;
				ENABLE_HARDENED_RUNTIME = YES;
				OTHER_CFLAGS = (
					"-DNOGUI",
					"-mavx",
				);
				PRODUCT_NAME = simepidemic;
				PROVISIONING_PROFILE_SPECIFIER = "";
			};
			name = Debug;
		};
		2365DEBC2506145A006C2A95 /* Release */ = {
			isa = XCBuildConfiguration;
			buildSettings = {
				CODE_SIGN_IDENTITY = "Apple Development";
				CODE_SIGN_STYLE = Automatic;
				DEVELOPMENT_TEAM = 726X5Z9867;
				ENABLE_HARDENED_RUNTIME = YES;
				OTHER_CFLAGS = (
					"-DNOGUI",
					"-mavx",
				);
				PRODUCT_NAME = simepidemic;
				PROVISIONING_PROFILE_SPECIFIER = "";
			};
			name = Release;
		};
		23B89E50255BD61000A95360 /* Debug */ = {
			isa = XCBuildConfiguration;
			buildSettings = {
				CODE_SIGN_STYLE = Automatic;
				DEVELOPMENT_TEAM = 726X5Z9867;
				ENABLE_HARDENED_RUNTIME = YES;
				OTHER_CFLAGS = (
					"-DNOGUI",
					"-mavx",
				);
				PRODUCT_NAME = "$(TARGET_NAME)";
			};
			name = Debug;
		};
		23B89E51255BD61000A95360 /* Release */ = {
			isa = XCBuildConfiguration;
			buildSettings = {
				CODE_SIGN_STYLE = Automatic;
				DEVELOPMENT_TEAM = 726X5Z9867;
				ENABLE_HARDENED_RUNTIME = YES;
				OTHER_CFLAGS = (
					"-DNOGUI",
					"-mavx",
				);
				PRODUCT_NAME = "$(TARGET_NAME)";
			};
			name = Release;
		};
		23C3FFE42557FB3F004906AE /* Debug */ = {
			isa = XCBuildConfiguration;
			buildSettings = {
				CODE_SIGN_STYLE = Automatic;
				DEVELOPMENT_TEAM = 726X5Z9867;
				ENABLE_HARDENED_RUNTIME = YES;
				PRODUCT_NAME = "$(TARGET_NAME)";
			};
			name = Debug;
		};
		23C3FFE52557FB3F004906AE /* Release */ = {
			isa = XCBuildConfiguration;
			buildSettings = {
				CODE_SIGN_STYLE = Automatic;
				DEVELOPMENT_TEAM = 726X5Z9867;
				ENABLE_HARDENED_RUNTIME = YES;
				PRODUCT_NAME = "$(TARGET_NAME)";
			};
			name = Release;
		};
/* End XCBuildConfiguration section */

/* Begin XCConfigurationList section */
		232055E72457D2C5005ADCCF /* Build configuration list for PBXProject "SimEpidemic" */ = {
			isa = XCConfigurationList;
			buildConfigurations = (
				232056012457D2C7005ADCCF /* Debug */,
				232056022457D2C7005ADCCF /* Release */,
			);
			defaultConfigurationIsVisible = 0;
			defaultConfigurationName = Release;
		};
		232056032457D2C7005ADCCF /* Build configuration list for PBXNativeTarget "SimEpidemic" */ = {
			isa = XCConfigurationList;
			buildConfigurations = (
				232056042457D2C7005ADCCF /* Debug */,
				232056052457D2C7005ADCCF /* Release */,
			);
			defaultConfigurationIsVisible = 0;
			defaultConfigurationName = Release;
		};
		2365DEBA2506145A006C2A95 /* Build configuration list for PBXNativeTarget "SimEpidemicSV" */ = {
			isa = XCConfigurationList;
			buildConfigurations = (
				2365DEBB2506145A006C2A95 /* Debug */,
				2365DEBC2506145A006C2A95 /* Release */,
			);
			defaultConfigurationIsVisible = 0;
			defaultConfigurationName = Release;
		};
		23B89E52255BD61000A95360 /* Build configuration list for PBXNativeTarget "simepiWorld" */ = {
			isa = XCConfigurationList;
			buildConfigurations = (
				23B89E50255BD61000A95360 /* Debug */,
				23B89E51255BD61000A95360 /* Release */,
			);
			defaultConfigurationIsVisible = 0;
			defaultConfigurationName = Release;
		};
		23C3FFE62557FB3F004906AE /* Build configuration list for PBXNativeTarget "simepiBackend" */ = {
			isa = XCConfigurationList;
			buildConfigurations = (
				23C3FFE42557FB3F004906AE /* Debug */,
				23C3FFE52557FB3F004906AE /* Release */,
			);
			defaultConfigurationIsVisible = 0;
			defaultConfigurationName = Release;
		};
/* End XCConfigurationList section */
	};
	rootObject = 232055E42457D2C5005ADCCF /* Project object */;
}
